# This file is automatically @generated by Cargo.
# It is not intended for manual editing.
version = 4

[[package]]
name = "day_1"
version = "0.1.0"

[[package]]
name = "ex1_parser"
version = "0.1.0"

[[package]]
name = "ex2_lifetimes"
version = "0.1.0"

[[package]]
name = "ex3_traits"
version = "0.1.0"

[[package]]
name = "ex4_traits"
version = "0.1.0"
